// !$*UTF8*$!
{
	archiveVersion = 1;
	classes = {
	};
	objectVersion = 55;
	objects = {

/* Begin PBXBuildFile section */
		9810E8D0281F1D1600CEE1FA /* DetailView.swift in Sources */ = {isa = PBXBuildFile; fileRef = 9810E8CF281F1D1600CEE1FA /* DetailView.swift */; };
		9810E8D2281F200200CEE1FA /* Post.swift in Sources */ = {isa = PBXBuildFile; fileRef = 9810E8D1281F200200CEE1FA /* Post.swift */; };
		9810E8D6281F24F500CEE1FA /* PostViewModel.swift in Sources */ = {isa = PBXBuildFile; fileRef = 9810E8D5281F24F500CEE1FA /* PostViewModel.swift */; };
		9810E8DB281F35C500CEE1FA /* PostView.swift in Sources */ = {isa = PBXBuildFile; fileRef = 9810E8DA281F35C500CEE1FA /* PostView.swift */; };
		98EEC890281A126300C0616C /* Locked_Door_TrackerApp.swift in Sources */ = {isa = PBXBuildFile; fileRef = 98EEC88F281A126300C0616C /* Locked_Door_TrackerApp.swift */; };
		98EEC892281A126300C0616C /* ContentView.swift in Sources */ = {isa = PBXBuildFile; fileRef = 98EEC891281A126300C0616C /* ContentView.swift */; };
		98EEC894281A126700C0616C /* Assets.xcassets in Resources */ = {isa = PBXBuildFile; fileRef = 98EEC893281A126700C0616C /* Assets.xcassets */; };
		98EEC897281A126700C0616C /* Preview Assets.xcassets in Resources */ = {isa = PBXBuildFile; fileRef = 98EEC896281A126700C0616C /* Preview Assets.xcassets */; };
		98EEC8A1281A126700C0616C /* Locked_Door_TrackerTests.swift in Sources */ = {isa = PBXBuildFile; fileRef = 98EEC8A0281A126700C0616C /* Locked_Door_TrackerTests.swift */; };
		98EEC8AB281A126700C0616C /* Locked_Door_TrackerUITests.swift in Sources */ = {isa = PBXBuildFile; fileRef = 98EEC8AA281A126700C0616C /* Locked_Door_TrackerUITests.swift */; };
		98EEC8AD281A126700C0616C /* Locked_Door_TrackerUITestsLaunchTests.swift in Sources */ = {isa = PBXBuildFile; fileRef = 98EEC8AC281A126700C0616C /* Locked_Door_TrackerUITestsLaunchTests.swift */; };
		98EEC8BA281A612E00C0616C /* GoogleService-Info.plist in Resources */ = {isa = PBXBuildFile; fileRef = 98EEC8B9281A612E00C0616C /* GoogleService-Info.plist */; };
		98EEC8BD281A61FB00C0616C /* FirebaseAnalytics in Frameworks */ = {isa = PBXBuildFile; productRef = 98EEC8BC281A61FB00C0616C /* FirebaseAnalytics */; };
		98EEC8BF281A61FB00C0616C /* FirebaseAuth in Frameworks */ = {isa = PBXBuildFile; productRef = 98EEC8BE281A61FB00C0616C /* FirebaseAuth */; };
		98EEC8C1281A61FB00C0616C /* FirebaseCrashlytics in Frameworks */ = {isa = PBXBuildFile; productRef = 98EEC8C0281A61FB00C0616C /* FirebaseCrashlytics */; };
		98EEC8C3281A61FB00C0616C /* FirebaseDatabase in Frameworks */ = {isa = PBXBuildFile; productRef = 98EEC8C2281A61FB00C0616C /* FirebaseDatabase */; };
		98EEC8C5281A61FB00C0616C /* FirebaseFirestore in Frameworks */ = {isa = PBXBuildFile; productRef = 98EEC8C4281A61FB00C0616C /* FirebaseFirestore */; };
		98EEC8C7281A61FB00C0616C /* FirebaseStorage in Frameworks */ = {isa = PBXBuildFile; productRef = 98EEC8C6281A61FB00C0616C /* FirebaseStorage */; };
/* End PBXBuildFile section */

/* Begin PBXContainerItemProxy section */
		98EEC89D281A126700C0616C /* PBXContainerItemProxy */ = {
			isa = PBXContainerItemProxy;
			containerPortal = 98EEC884281A126300C0616C /* Project object */;
			proxyType = 1;
			remoteGlobalIDString = 98EEC88B281A126300C0616C;
			remoteInfo = "Locked Door Tracker";
		};
		98EEC8A7281A126700C0616C /* PBXContainerItemProxy */ = {
			isa = PBXContainerItemProxy;
			containerPortal = 98EEC884281A126300C0616C /* Project object */;
			proxyType = 1;
			remoteGlobalIDString = 98EEC88B281A126300C0616C;
			remoteInfo = "Locked Door Tracker";
		};
/* End PBXContainerItemProxy section */

/* Begin PBXFileReference section */
		9810E8CF281F1D1600CEE1FA /* DetailView.swift */ = {isa = PBXFileReference; lastKnownFileType = sourcecode.swift; path = DetailView.swift; sourceTree = "<group>"; };
		9810E8D1281F200200CEE1FA /* Post.swift */ = {isa = PBXFileReference; lastKnownFileType = sourcecode.swift; path = Post.swift; sourceTree = "<group>"; };
		9810E8D5281F24F500CEE1FA /* PostViewModel.swift */ = {isa = PBXFileReference; lastKnownFileType = sourcecode.swift; path = PostViewModel.swift; sourceTree = "<group>"; };
		9810E8DA281F35C500CEE1FA /* PostView.swift */ = {isa = PBXFileReference; lastKnownFileType = sourcecode.swift; path = PostView.swift; sourceTree = "<group>"; };
		9810E8DC281F43FF00CEE1FA /* Locked-Door-Tracker-Info.plist */ = {isa = PBXFileReference; lastKnownFileType = text.plist; path = "Locked-Door-Tracker-Info.plist"; sourceTree = SOURCE_ROOT; };
		98EEC88C281A126300C0616C /* Locked Door Tracker.app */ = {isa = PBXFileReference; explicitFileType = wrapper.application; includeInIndex = 0; path = "Locked Door Tracker.app"; sourceTree = BUILT_PRODUCTS_DIR; };
		98EEC88F281A126300C0616C /* Locked_Door_TrackerApp.swift */ = {isa = PBXFileReference; lastKnownFileType = sourcecode.swift; path = Locked_Door_TrackerApp.swift; sourceTree = "<group>"; };
		98EEC891281A126300C0616C /* ContentView.swift */ = {isa = PBXFileReference; lastKnownFileType = sourcecode.swift; path = ContentView.swift; sourceTree = "<group>"; };
		98EEC893281A126700C0616C /* Assets.xcassets */ = {isa = PBXFileReference; lastKnownFileType = folder.assetcatalog; path = Assets.xcassets; sourceTree = "<group>"; };
		98EEC896281A126700C0616C /* Preview Assets.xcassets */ = {isa = PBXFileReference; lastKnownFileType = folder.assetcatalog; path = "Preview Assets.xcassets"; sourceTree = "<group>"; };
		98EEC89C281A126700C0616C /* Locked Door TrackerTests.xctest */ = {isa = PBXFileReference; explicitFileType = wrapper.cfbundle; includeInIndex = 0; path = "Locked Door TrackerTests.xctest"; sourceTree = BUILT_PRODUCTS_DIR; };
		98EEC8A0281A126700C0616C /* Locked_Door_TrackerTests.swift */ = {isa = PBXFileReference; lastKnownFileType = sourcecode.swift; path = Locked_Door_TrackerTests.swift; sourceTree = "<group>"; };
		98EEC8A6281A126700C0616C /* Locked Door TrackerUITests.xctest */ = {isa = PBXFileReference; explicitFileType = wrapper.cfbundle; includeInIndex = 0; path = "Locked Door TrackerUITests.xctest"; sourceTree = BUILT_PRODUCTS_DIR; };
		98EEC8AA281A126700C0616C /* Locked_Door_TrackerUITests.swift */ = {isa = PBXFileReference; lastKnownFileType = sourcecode.swift; path = Locked_Door_TrackerUITests.swift; sourceTree = "<group>"; };
		98EEC8AC281A126700C0616C /* Locked_Door_TrackerUITestsLaunchTests.swift */ = {isa = PBXFileReference; lastKnownFileType = sourcecode.swift; path = Locked_Door_TrackerUITestsLaunchTests.swift; sourceTree = "<group>"; };
		98EEC8B9281A612E00C0616C /* GoogleService-Info.plist */ = {isa = PBXFileReference; fileEncoding = 4; lastKnownFileType = text.plist.xml; path = "GoogleService-Info.plist"; sourceTree = "<group>"; };
/* End PBXFileReference section */

/* Begin PBXFrameworksBuildPhase section */
		98EEC889281A126300C0616C /* Frameworks */ = {
			isa = PBXFrameworksBuildPhase;
			buildActionMask = 2147483647;
			files = (
				98EEC8C1281A61FB00C0616C /* FirebaseCrashlytics in Frameworks */,
				98EEC8BD281A61FB00C0616C /* FirebaseAnalytics in Frameworks */,
				98EEC8C3281A61FB00C0616C /* FirebaseDatabase in Frameworks */,
				98EEC8C5281A61FB00C0616C /* FirebaseFirestore in Frameworks */,
				98EEC8BF281A61FB00C0616C /* FirebaseAuth in Frameworks */,
				98EEC8C7281A61FB00C0616C /* FirebaseStorage in Frameworks */,
			);
			runOnlyForDeploymentPostprocessing = 0;
		};
		98EEC899281A126700C0616C /* Frameworks */ = {
			isa = PBXFrameworksBuildPhase;
			buildActionMask = 2147483647;
			files = (
			);
			runOnlyForDeploymentPostprocessing = 0;
		};
		98EEC8A3281A126700C0616C /* Frameworks */ = {
			isa = PBXFrameworksBuildPhase;
			buildActionMask = 2147483647;
			files = (
			);
			runOnlyForDeploymentPostprocessing = 0;
		};
/* End PBXFrameworksBuildPhase section */

/* Begin PBXGroup section */
		9810E8D7281F33E100CEE1FA /* ViewModels */ = {
			isa = PBXGroup;
			children = (
				9810E8D5281F24F500CEE1FA /* PostViewModel.swift */,
			);
			path = ViewModels;
			sourceTree = "<group>";
		};
		9810E8D8281F33E900CEE1FA /* Models */ = {
			isa = PBXGroup;
			children = (
				9810E8D1281F200200CEE1FA /* Post.swift */,
			);
			path = Models;
			sourceTree = "<group>";
		};
		9810E8D9281F33F100CEE1FA /* Views */ = {
			isa = PBXGroup;
			children = (
				98EEC891281A126300C0616C /* ContentView.swift */,
				9810E8CF281F1D1600CEE1FA /* DetailView.swift */,
				9810E8DA281F35C500CEE1FA /* PostView.swift */,
			);
			path = Views;
			sourceTree = "<group>";
		};
		98EEC883281A126300C0616C = {
			isa = PBXGroup;
			children = (
				98EEC88E281A126300C0616C /* Locked Door Tracker */,
				98EEC89F281A126700C0616C /* Locked Door TrackerTests */,
				98EEC8A9281A126700C0616C /* Locked Door TrackerUITests */,
				98EEC88D281A126300C0616C /* Products */,
			);
			sourceTree = "<group>";
		};
		98EEC88D281A126300C0616C /* Products */ = {
			isa = PBXGroup;
			children = (
				98EEC88C281A126300C0616C /* Locked Door Tracker.app */,
				98EEC89C281A126700C0616C /* Locked Door TrackerTests.xctest */,
				98EEC8A6281A126700C0616C /* Locked Door TrackerUITests.xctest */,
			);
			name = Products;
			sourceTree = "<group>";
		};
		98EEC88E281A126300C0616C /* Locked Door Tracker */ = {
			isa = PBXGroup;
			children = (
				9810E8DC281F43FF00CEE1FA /* Locked-Door-Tracker-Info.plist */,
				9810E8D9281F33F100CEE1FA /* Views */,
				9810E8D8281F33E900CEE1FA /* Models */,
				9810E8D7281F33E100CEE1FA /* ViewModels */,
				98EEC88F281A126300C0616C /* Locked_Door_TrackerApp.swift */,
				98EEC893281A126700C0616C /* Assets.xcassets */,
				98EEC8B9281A612E00C0616C /* GoogleService-Info.plist */,
				98EEC895281A126700C0616C /* Preview Content */,
			);
			path = "Locked Door Tracker";
			sourceTree = "<group>";
		};
		98EEC895281A126700C0616C /* Preview Content */ = {
			isa = PBXGroup;
			children = (
				98EEC896281A126700C0616C /* Preview Assets.xcassets */,
			);
			path = "Preview Content";
			sourceTree = "<group>";
		};
		98EEC89F281A126700C0616C /* Locked Door TrackerTests */ = {
			isa = PBXGroup;
			children = (
				98EEC8A0281A126700C0616C /* Locked_Door_TrackerTests.swift */,
			);
			path = "Locked Door TrackerTests";
			sourceTree = "<group>";
		};
		98EEC8A9281A126700C0616C /* Locked Door TrackerUITests */ = {
			isa = PBXGroup;
			children = (
				98EEC8AA281A126700C0616C /* Locked_Door_TrackerUITests.swift */,
				98EEC8AC281A126700C0616C /* Locked_Door_TrackerUITestsLaunchTests.swift */,
			);
			path = "Locked Door TrackerUITests";
			sourceTree = "<group>";
		};
/* End PBXGroup section */

/* Begin PBXNativeTarget section */
		98EEC88B281A126300C0616C /* Locked Door Tracker */ = {
			isa = PBXNativeTarget;
			buildConfigurationList = 98EEC8B0281A126700C0616C /* Build configuration list for PBXNativeTarget "Locked Door Tracker" */;
			buildPhases = (
				98EEC888281A126300C0616C /* Sources */,
				98EEC889281A126300C0616C /* Frameworks */,
				98EEC88A281A126300C0616C /* Resources */,
			);
			buildRules = (
			);
			dependencies = (
			);
			name = "Locked Door Tracker";
			packageProductDependencies = (
				98EEC8BC281A61FB00C0616C /* FirebaseAnalytics */,
				98EEC8BE281A61FB00C0616C /* FirebaseAuth */,
				98EEC8C0281A61FB00C0616C /* FirebaseCrashlytics */,
				98EEC8C2281A61FB00C0616C /* FirebaseDatabase */,
				98EEC8C4281A61FB00C0616C /* FirebaseFirestore */,
				98EEC8C6281A61FB00C0616C /* FirebaseStorage */,
			);
			productName = "Locked Door Tracker";
			productReference = 98EEC88C281A126300C0616C /* Locked Door Tracker.app */;
			productType = "com.apple.product-type.application";
		};
		98EEC89B281A126700C0616C /* Locked Door TrackerTests */ = {
			isa = PBXNativeTarget;
			buildConfigurationList = 98EEC8B3281A126700C0616C /* Build configuration list for PBXNativeTarget "Locked Door TrackerTests" */;
			buildPhases = (
				98EEC898281A126700C0616C /* Sources */,
				98EEC899281A126700C0616C /* Frameworks */,
				98EEC89A281A126700C0616C /* Resources */,
			);
			buildRules = (
			);
			dependencies = (
				98EEC89E281A126700C0616C /* PBXTargetDependency */,
			);
			name = "Locked Door TrackerTests";
			productName = "Locked Door TrackerTests";
			productReference = 98EEC89C281A126700C0616C /* Locked Door TrackerTests.xctest */;
			productType = "com.apple.product-type.bundle.unit-test";
		};
		98EEC8A5281A126700C0616C /* Locked Door TrackerUITests */ = {
			isa = PBXNativeTarget;
			buildConfigurationList = 98EEC8B6281A126700C0616C /* Build configuration list for PBXNativeTarget "Locked Door TrackerUITests" */;
			buildPhases = (
				98EEC8A2281A126700C0616C /* Sources */,
				98EEC8A3281A126700C0616C /* Frameworks */,
				98EEC8A4281A126700C0616C /* Resources */,
			);
			buildRules = (
			);
			dependencies = (
				98EEC8A8281A126700C0616C /* PBXTargetDependency */,
			);
			name = "Locked Door TrackerUITests";
			productName = "Locked Door TrackerUITests";
			productReference = 98EEC8A6281A126700C0616C /* Locked Door TrackerUITests.xctest */;
			productType = "com.apple.product-type.bundle.ui-testing";
		};
/* End PBXNativeTarget section */

/* Begin PBXProject section */
		98EEC884281A126300C0616C /* Project object */ = {
			isa = PBXProject;
			attributes = {
				BuildIndependentTargetsInParallel = 1;
				LastSwiftUpdateCheck = 1320;
				LastUpgradeCheck = 1320;
				TargetAttributes = {
					98EEC88B281A126300C0616C = {
						CreatedOnToolsVersion = 13.2.1;
					};
					98EEC89B281A126700C0616C = {
						CreatedOnToolsVersion = 13.2.1;
						TestTargetID = 98EEC88B281A126300C0616C;
					};
					98EEC8A5281A126700C0616C = {
						CreatedOnToolsVersion = 13.2.1;
						TestTargetID = 98EEC88B281A126300C0616C;
					};
				};
			};
			buildConfigurationList = 98EEC887281A126300C0616C /* Build configuration list for PBXProject "Locked Door Tracker" */;
			compatibilityVersion = "Xcode 13.0";
			developmentRegion = en;
			hasScannedForEncodings = 0;
			knownRegions = (
				en,
				Base,
			);
			mainGroup = 98EEC883281A126300C0616C;
			packageReferences = (
				98EEC8BB281A61FB00C0616C /* XCRemoteSwiftPackageReference "firebase-ios-sdk" */,
			);
			productRefGroup = 98EEC88D281A126300C0616C /* Products */;
			projectDirPath = "";
			projectRoot = "";
			targets = (
				98EEC88B281A126300C0616C /* Locked Door Tracker */,
				98EEC89B281A126700C0616C /* Locked Door TrackerTests */,
				98EEC8A5281A126700C0616C /* Locked Door TrackerUITests */,
			);
		};
/* End PBXProject section */

/* Begin PBXResourcesBuildPhase section */
		98EEC88A281A126300C0616C /* Resources */ = {
			isa = PBXResourcesBuildPhase;
			buildActionMask = 2147483647;
			files = (
				98EEC897281A126700C0616C /* Preview Assets.xcassets in Resources */,
				98EEC894281A126700C0616C /* Assets.xcassets in Resources */,
				98EEC8BA281A612E00C0616C /* GoogleService-Info.plist in Resources */,
			);
			runOnlyForDeploymentPostprocessing = 0;
		};
		98EEC89A281A126700C0616C /* Resources */ = {
			isa = PBXResourcesBuildPhase;
			buildActionMask = 2147483647;
			files = (
			);
			runOnlyForDeploymentPostprocessing = 0;
		};
		98EEC8A4281A126700C0616C /* Resources */ = {
			isa = PBXResourcesBuildPhase;
			buildActionMask = 2147483647;
			files = (
			);
			runOnlyForDeploymentPostprocessing = 0;
		};
/* End PBXResourcesBuildPhase section */

/* Begin PBXSourcesBuildPhase section */
		98EEC888281A126300C0616C /* Sources */ = {
			isa = PBXSourcesBuildPhase;
			buildActionMask = 2147483647;
			files = (
				98EEC892281A126300C0616C /* ContentView.swift in Sources */,
				9810E8D6281F24F500CEE1FA /* PostViewModel.swift in Sources */,
				9810E8D0281F1D1600CEE1FA /* DetailView.swift in Sources */,
				98EEC890281A126300C0616C /* Locked_Door_TrackerApp.swift in Sources */,
				9810E8DB281F35C500CEE1FA /* PostView.swift in Sources */,
				9810E8D2281F200200CEE1FA /* Post.swift in Sources */,
			);
			runOnlyForDeploymentPostprocessing = 0;
		};
		98EEC898281A126700C0616C /* Sources */ = {
			isa = PBXSourcesBuildPhase;
			buildActionMask = 2147483647;
			files = (
				98EEC8A1281A126700C0616C /* Locked_Door_TrackerTests.swift in Sources */,
			);
			runOnlyForDeploymentPostprocessing = 0;
		};
		98EEC8A2281A126700C0616C /* Sources */ = {
			isa = PBXSourcesBuildPhase;
			buildActionMask = 2147483647;
			files = (
				98EEC8AB281A126700C0616C /* Locked_Door_TrackerUITests.swift in Sources */,
				98EEC8AD281A126700C0616C /* Locked_Door_TrackerUITestsLaunchTests.swift in Sources */,
			);
			runOnlyForDeploymentPostprocessing = 0;
		};
/* End PBXSourcesBuildPhase section */

/* Begin PBXTargetDependency section */
		98EEC89E281A126700C0616C /* PBXTargetDependency */ = {
			isa = PBXTargetDependency;
			target = 98EEC88B281A126300C0616C /* Locked Door Tracker */;
			targetProxy = 98EEC89D281A126700C0616C /* PBXContainerItemProxy */;
		};
		98EEC8A8281A126700C0616C /* PBXTargetDependency */ = {
			isa = PBXTargetDependency;
			target = 98EEC88B281A126300C0616C /* Locked Door Tracker */;
			targetProxy = 98EEC8A7281A126700C0616C /* PBXContainerItemProxy */;
		};
/* End PBXTargetDependency section */

/* Begin XCBuildConfiguration section */
		98EEC8AE281A126700C0616C /* Debug */ = {
			isa = XCBuildConfiguration;
			buildSettings = {
				ALWAYS_SEARCH_USER_PATHS = NO;
				CLANG_ANALYZER_NONNULL = YES;
				CLANG_ANALYZER_NUMBER_OBJECT_CONVERSION = YES_AGGRESSIVE;
				CLANG_CXX_LANGUAGE_STANDARD = "gnu++17";
				CLANG_CXX_LIBRARY = "libc++";
				CLANG_ENABLE_MODULES = YES;
				CLANG_ENABLE_OBJC_ARC = YES;
				CLANG_ENABLE_OBJC_WEAK = YES;
				CLANG_WARN_BLOCK_CAPTURE_AUTORELEASING = YES;
				CLANG_WARN_BOOL_CONVERSION = YES;
				CLANG_WARN_COMMA = YES;
				CLANG_WARN_CONSTANT_CONVERSION = YES;
				CLANG_WARN_DEPRECATED_OBJC_IMPLEMENTATIONS = YES;
				CLANG_WARN_DIRECT_OBJC_ISA_USAGE = YES_ERROR;
				CLANG_WARN_DOCUMENTATION_COMMENTS = YES;
				CLANG_WARN_EMPTY_BODY = YES;
				CLANG_WARN_ENUM_CONVERSION = YES;
				CLANG_WARN_INFINITE_RECURSION = YES;
				CLANG_WARN_INT_CONVERSION = YES;
				CLANG_WARN_NON_LITERAL_NULL_CONVERSION = YES;
				CLANG_WARN_OBJC_IMPLICIT_RETAIN_SELF = YES;
				CLANG_WARN_OBJC_LITERAL_CONVERSION = YES;
				CLANG_WARN_OBJC_ROOT_CLASS = YES_ERROR;
				CLANG_WARN_QUOTED_INCLUDE_IN_FRAMEWORK_HEADER = YES;
				CLANG_WARN_RANGE_LOOP_ANALYSIS = YES;
				CLANG_WARN_STRICT_PROTOTYPES = YES;
				CLANG_WARN_SUSPICIOUS_MOVE = YES;
				CLANG_WARN_UNGUARDED_AVAILABILITY = YES_AGGRESSIVE;
				CLANG_WARN_UNREACHABLE_CODE = YES;
				CLANG_WARN__DUPLICATE_METHOD_MATCH = YES;
				COPY_PHASE_STRIP = NO;
				DEBUG_INFORMATION_FORMAT = dwarf;
				ENABLE_STRICT_OBJC_MSGSEND = YES;
				ENABLE_TESTABILITY = YES;
				GCC_C_LANGUAGE_STANDARD = gnu11;
				GCC_DYNAMIC_NO_PIC = NO;
				GCC_NO_COMMON_BLOCKS = YES;
				GCC_OPTIMIZATION_LEVEL = 0;
				GCC_PREPROCESSOR_DEFINITIONS = (
					"DEBUG=1",
					"$(inherited)",
				);
				GCC_WARN_64_TO_32_BIT_CONVERSION = YES;
				GCC_WARN_ABOUT_RETURN_TYPE = YES_ERROR;
				GCC_WARN_UNDECLARED_SELECTOR = YES;
				GCC_WARN_UNINITIALIZED_AUTOS = YES_AGGRESSIVE;
				GCC_WARN_UNUSED_FUNCTION = YES;
				GCC_WARN_UNUSED_VARIABLE = YES;
				IPHONEOS_DEPLOYMENT_TARGET = 15.2;
				MTL_ENABLE_DEBUG_INFO = INCLUDE_SOURCE;
				MTL_FAST_MATH = YES;
				ONLY_ACTIVE_ARCH = YES;
				SDKROOT = iphoneos;
				SWIFT_ACTIVE_COMPILATION_CONDITIONS = DEBUG;
				SWIFT_OPTIMIZATION_LEVEL = "-Onone";
			};
			name = Debug;
		};
		98EEC8AF281A126700C0616C /* Release */ = {
			isa = XCBuildConfiguration;
			buildSettings = {
				ALWAYS_SEARCH_USER_PATHS = NO;
				CLANG_ANALYZER_NONNULL = YES;
				CLANG_ANALYZER_NUMBER_OBJECT_CONVERSION = YES_AGGRESSIVE;
				CLANG_CXX_LANGUAGE_STANDARD = "gnu++17";
				CLANG_CXX_LIBRARY = "libc++";
				CLANG_ENABLE_MODULES = YES;
				CLANG_ENABLE_OBJC_ARC = YES;
				CLANG_ENABLE_OBJC_WEAK = YES;
				CLANG_WARN_BLOCK_CAPTURE_AUTORELEASING = YES;
				CLANG_WARN_BOOL_CONVERSION = YES;
				CLANG_WARN_COMMA = YES;
				CLANG_WARN_CONSTANT_CONVERSION = YES;
				CLANG_WARN_DEPRECATED_OBJC_IMPLEMENTATIONS = YES;
				CLANG_WARN_DIRECT_OBJC_ISA_USAGE = YES_ERROR;
				CLANG_WARN_DOCUMENTATION_COMMENTS = YES;
				CLANG_WARN_EMPTY_BODY = YES;
				CLANG_WARN_ENUM_CONVERSION = YES;
				CLANG_WARN_INFINITE_RECURSION = YES;
				CLANG_WARN_INT_CONVERSION = YES;
				CLANG_WARN_NON_LITERAL_NULL_CONVERSION = YES;
				CLANG_WARN_OBJC_IMPLICIT_RETAIN_SELF = YES;
				CLANG_WARN_OBJC_LITERAL_CONVERSION = YES;
				CLANG_WARN_OBJC_ROOT_CLASS = YES_ERROR;
				CLANG_WARN_QUOTED_INCLUDE_IN_FRAMEWORK_HEADER = YES;
				CLANG_WARN_RANGE_LOOP_ANALYSIS = YES;
				CLANG_WARN_STRICT_PROTOTYPES = YES;
				CLANG_WARN_SUSPICIOUS_MOVE = YES;
				CLANG_WARN_UNGUARDED_AVAILABILITY = YES_AGGRESSIVE;
				CLANG_WARN_UNREACHABLE_CODE = YES;
				CLANG_WARN__DUPLICATE_METHOD_MATCH = YES;
				COPY_PHASE_STRIP = NO;
				DEBUG_INFORMATION_FORMAT = "dwarf-with-dsym";
				ENABLE_NS_ASSERTIONS = NO;
				ENABLE_STRICT_OBJC_MSGSEND = YES;
				GCC_C_LANGUAGE_STANDARD = gnu11;
				GCC_NO_COMMON_BLOCKS = YES;
				GCC_WARN_64_TO_32_BIT_CONVERSION = YES;
				GCC_WARN_ABOUT_RETURN_TYPE = YES_ERROR;
				GCC_WARN_UNDECLARED_SELECTOR = YES;
				GCC_WARN_UNINITIALIZED_AUTOS = YES_AGGRESSIVE;
				GCC_WARN_UNUSED_FUNCTION = YES;
				GCC_WARN_UNUSED_VARIABLE = YES;
				IPHONEOS_DEPLOYMENT_TARGET = 15.2;
				MTL_ENABLE_DEBUG_INFO = NO;
				MTL_FAST_MATH = YES;
				SDKROOT = iphoneos;
				SWIFT_COMPILATION_MODE = wholemodule;
				SWIFT_OPTIMIZATION_LEVEL = "-O";
				VALIDATE_PRODUCT = YES;
			};
			name = Release;
		};
		98EEC8B1281A126700C0616C /* Debug */ = {
			isa = XCBuildConfiguration;
			buildSettings = {
				ASSETCATALOG_COMPILER_APPICON_NAME = AppIcon;
				ASSETCATALOG_COMPILER_GLOBAL_ACCENT_COLOR_NAME = AccentColor;
				CODE_SIGN_STYLE = Automatic;
				CURRENT_PROJECT_VERSION = 1;
				DEVELOPMENT_ASSET_PATHS = "\"Locked Door Tracker/Preview Content\"";
				DEVELOPMENT_TEAM = 7B227ZD53A;
				ENABLE_PREVIEWS = YES;
				GENERATE_INFOPLIST_FILE = YES;
				INFOPLIST_FILE = "Locked-Door-Tracker-Info.plist";
				INFOPLIST_KEY_UIApplicationSceneManifest_Generation = YES;
				INFOPLIST_KEY_UIApplicationSupportsIndirectInputEvents = YES;
				INFOPLIST_KEY_UILaunchScreen_Generation = YES;
				INFOPLIST_KEY_UISupportedInterfaceOrientations_iPad = "UIInterfaceOrientationPortrait UIInterfaceOrientationPortraitUpsideDown UIInterfaceOrientationLandscapeLeft UIInterfaceOrientationLandscapeRight";
				INFOPLIST_KEY_UISupportedInterfaceOrientations_iPhone = "UIInterfaceOrientationPortrait UIInterfaceOrientationLandscapeLeft UIInterfaceOrientationLandscapeRight";
				LD_RUNPATH_SEARCH_PATHS = (
					"$(inherited)",
					"@executable_path/Frameworks",
				);
				MARKETING_VERSION = 1.0;
				PRODUCT_BUNDLE_IDENTIFIER = "com.parkjohan.johanpark.Locked-Door-Tracker";
				PRODUCT_NAME = "$(TARGET_NAME)";
				SWIFT_EMIT_LOC_STRINGS = YES;
				SWIFT_VERSION = 5.0;
				TARGETED_DEVICE_FAMILY = "1,2";
			};
			name = Debug;
		};
		98EEC8B2281A126700C0616C /* Release */ = {
			isa = XCBuildConfiguration;
			buildSettings = {
				ASSETCATALOG_COMPILER_APPICON_NAME = AppIcon;
				ASSETCATALOG_COMPILER_GLOBAL_ACCENT_COLOR_NAME = AccentColor;
				CODE_SIGN_STYLE = Automatic;
				CURRENT_PROJECT_VERSION = 1;
				DEVELOPMENT_ASSET_PATHS = "\"Locked Door Tracker/Preview Content\"";
				DEVELOPMENT_TEAM = 7B227ZD53A;
				ENABLE_PREVIEWS = YES;
				GENERATE_INFOPLIST_FILE = YES;
				INFOPLIST_FILE = "Locked-Door-Tracker-Info.plist";
				INFOPLIST_KEY_UIApplicationSceneManifest_Generation = YES;
				INFOPLIST_KEY_UIApplicationSupportsIndirectInputEvents = YES;
				INFOPLIST_KEY_UILaunchScreen_Generation = YES;
				INFOPLIST_KEY_UISupportedInterfaceOrientations_iPad = "UIInterfaceOrientationPortrait UIInterfaceOrientationPortraitUpsideDown UIInterfaceOrientationLandscapeLeft UIInterfaceOrientationLandscapeRight";
				INFOPLIST_KEY_UISupportedInterfaceOrientations_iPhone = "UIInterfaceOrientationPortrait UIInterfaceOrientationLandscapeLeft UIInterfaceOrientationLandscapeRight";
				LD_RUNPATH_SEARCH_PATHS = (
					"$(inherited)",
					"@executable_path/Frameworks",
				);
				MARKETING_VERSION = 1.0;
				PRODUCT_BUNDLE_IDENTIFIER = "com.parkjohan.johanpark.Locked-Door-Tracker";
				PRODUCT_NAME = "$(TARGET_NAME)";
				SWIFT_EMIT_LOC_STRINGS = YES;
				SWIFT_VERSION = 5.0;
				TARGETED_DEVICE_FAMILY = "1,2";
			};
			name = Release;
		};
		98EEC8B4281A126700C0616C /* Debug */ = {
			isa = XCBuildConfiguration;
			buildSettings = {
				ALWAYS_EMBED_SWIFT_STANDARD_LIBRARIES = YES;
				BUNDLE_LOADER = "$(TEST_HOST)";
				CODE_SIGN_STYLE = Automatic;
				CURRENT_PROJECT_VERSION = 1;
				DEVELOPMENT_TEAM = 7B227ZD53A;
				GENERATE_INFOPLIST_FILE = YES;
				IPHONEOS_DEPLOYMENT_TARGET = 15.2;
				MARKETING_VERSION = 1.0;
				PRODUCT_BUNDLE_IDENTIFIER = "com.parkjohan.johanpark.Locked-Door-TrackerTests";
				PRODUCT_NAME = "$(TARGET_NAME)";
				SWIFT_EMIT_LOC_STRINGS = NO;
				SWIFT_VERSION = 5.0;
				TARGETED_DEVICE_FAMILY = "1,2";
				TEST_HOST = "$(BUILT_PRODUCTS_DIR)/Locked Door Tracker.app/Locked Door Tracker";
			};
			name = Debug;
		};
		98EEC8B5281A126700C0616C /* Release */ = {
			isa = XCBuildConfiguration;
			buildSettings = {
				ALWAYS_EMBED_SWIFT_STANDARD_LIBRARIES = YES;
				BUNDLE_LOADER = "$(TEST_HOST)";
				CODE_SIGN_STYLE = Automatic;
				CURRENT_PROJECT_VERSION = 1;
				DEVELOPMENT_TEAM = 7B227ZD53A;
				GENERATE_INFOPLIST_FILE = YES;
				IPHONEOS_DEPLOYMENT_TARGET = 15.2;
				MARKETING_VERSION = 1.0;
				PRODUCT_BUNDLE_IDENTIFIER = "com.parkjohan.johanpark.Locked-Door-TrackerTests";
				PRODUCT_NAME = "$(TARGET_NAME)";
				SWIFT_EMIT_LOC_STRINGS = NO;
				SWIFT_VERSION = 5.0;
				TARGETED_DEVICE_FAMILY = "1,2";
				TEST_HOST = "$(BUILT_PRODUCTS_DIR)/Locked Door Tracker.app/Locked Door Tracker";
			};
			name = Release;
		};
		98EEC8B7281A126700C0616C /* Debug */ = {
			isa = XCBuildConfiguration;
			buildSettings = {
				ALWAYS_EMBED_SWIFT_STANDARD_LIBRARIES = YES;
				CODE_SIGN_STYLE = Automatic;
				CURRENT_PROJECT_VERSION = 1;
				DEVELOPMENT_TEAM = 7B227ZD53A;
				GENERATE_INFOPLIST_FILE = YES;
				MARKETING_VERSION = 1.0;
				PRODUCT_BUNDLE_IDENTIFIER = "com.parkjohan.johanpark.Locked-Door-TrackerUITests";
				PRODUCT_NAME = "$(TARGET_NAME)";
				SWIFT_EMIT_LOC_STRINGS = NO;
				SWIFT_VERSION = 5.0;
				TARGETED_DEVICE_FAMILY = "1,2";
				TEST_TARGET_NAME = "Locked Door Tracker";
			};
			name = Debug;
		};
		98EEC8B8281A126700C0616C /* Release */ = {
			isa = XCBuildConfiguration;
			buildSettings = {
				ALWAYS_EMBED_SWIFT_STANDARD_LIBRARIES = YES;
				CODE_SIGN_STYLE = Automatic;
				CURRENT_PROJECT_VERSION = 1;
				DEVELOPMENT_TEAM = 7B227ZD53A;
				GENERATE_INFOPLIST_FILE = YES;
				MARKETING_VERSION = 1.0;
				PRODUCT_BUNDLE_IDENTIFIER = "com.parkjohan.johanpark.Locked-Door-TrackerUITests";
				PRODUCT_NAME = "$(TARGET_NAME)";
				SWIFT_EMIT_LOC_STRINGS = NO;
				SWIFT_VERSION = 5.0;
				TARGETED_DEVICE_FAMILY = "1,2";
				TEST_TARGET_NAME = "Locked Door Tracker";
			};
			name = Release;
		};
/* End XCBuildConfiguration section */

/* Begin XCConfigurationList section */
		98EEC887281A126300C0616C /* Build configuration list for PBXProject "Locked Door Tracker" */ = {
			isa = XCConfigurationList;
			buildConfigurations = (
				98EEC8AE281A126700C0616C /* Debug */,
				98EEC8AF281A126700C0616C /* Release */,
			);
			defaultConfigurationIsVisible = 0;
			defaultConfigurationName = Release;
		};
		98EEC8B0281A126700C0616C /* Build configuration list for PBXNativeTarget "Locked Door Tracker" */ = {
			isa = XCConfigurationList;
			buildConfigurations = (
				98EEC8B1281A126700C0616C /* Debug */,
				98EEC8B2281A126700C0616C /* Release */,
			);
			defaultConfigurationIsVisible = 0;
			defaultConfigurationName = Release;
		};
		98EEC8B3281A126700C0616C /* Build configuration list for PBXNativeTarget "Locked Door TrackerTests" */ = {
			isa = XCConfigurationList;
			buildConfigurations = (
				98EEC8B4281A126700C0616C /* Debug */,
				98EEC8B5281A126700C0616C /* Release */,
			);
			defaultConfigurationIsVisible = 0;
			defaultConfigurationName = Release;
		};
		98EEC8B6281A126700C0616C /* Build configuration list for PBXNativeTarget "Locked Door TrackerUITests" */ = {
			isa = XCConfigurationList;
			buildConfigurations = (
				98EEC8B7281A126700C0616C /* Debug */,
				98EEC8B8281A126700C0616C /* Release */,
			);
			defaultConfigurationIsVisible = 0;
			defaultConfigurationName = Release;
		};
/* End XCConfigurationList section */

/* Begin XCRemoteSwiftPackageReference section */
		98EEC8BB281A61FB00C0616C /* XCRemoteSwiftPackageReference "firebase-ios-sdk" */ = {
			isa = XCRemoteSwiftPackageReference;
			repositoryURL = "https://github.com/firebase/firebase-ios-sdk";
			requirement = {
				kind = upToNextMajorVersion;
				minimumVersion = 8.0.0;
			};
		};
/* End XCRemoteSwiftPackageReference section */

/* Begin XCSwiftPackageProductDependency section */
		98EEC8BC281A61FB00C0616C /* FirebaseAnalytics */ = {
			isa = XCSwiftPackageProductDependency;
			package = 98EEC8BB281A61FB00C0616C /* XCRemoteSwiftPackageReference "firebase-ios-sdk" */;
			productName = FirebaseAnalytics;
		};
		98EEC8BE281A61FB00C0616C /* FirebaseAuth */ = {
			isa = XCSwiftPackageProductDependency;
			package = 98EEC8BB281A61FB00C0616C /* XCRemoteSwiftPackageReference "firebase-ios-sdk" */;
			productName = FirebaseAuth;
		};
		98EEC8C0281A61FB00C0616C /* FirebaseCrashlytics */ = {
			isa = XCSwiftPackageProductDependency;
			package = 98EEC8BB281A61FB00C0616C /* XCRemoteSwiftPackageReference "firebase-ios-sdk" */;
			productName = FirebaseCrashlytics;
		};
		98EEC8C2281A61FB00C0616C /* FirebaseDatabase */ = {
			isa = XCSwiftPackageProductDependency;
			package = 98EEC8BB281A61FB00C0616C /* XCRemoteSwiftPackageReference "firebase-ios-sdk" */;
			productName = FirebaseDatabase;
		};
		98EEC8C4281A61FB00C0616C /* FirebaseFirestore */ = {
			isa = XCSwiftPackageProductDependency;
			package = 98EEC8BB281A61FB00C0616C /* XCRemoteSwiftPackageReference "firebase-ios-sdk" */;
			productName = FirebaseFirestore;
		};
		98EEC8C6281A61FB00C0616C /* FirebaseStorage */ = {
			isa = XCSwiftPackageProductDependency;
			package = 98EEC8BB281A61FB00C0616C /* XCRemoteSwiftPackageReference "firebase-ios-sdk" */;
			productName = FirebaseStorage;
		};
/* End XCSwiftPackageProductDependency section */
	};
	rootObject = 98EEC884281A126300C0616C /* Project object */;
}
